
Microsoft Visual Studio Solution File, Format Version 12.00
# Visual Studio 15
VisualStudioVersion = 15.0.27428.2015
MinimumVisualStudioVersion = 10.0.40219.1
Project("{9A19103F-16F7-4668-BE54-9A1E7A4F7556}") = "SimpleHttpServer.Base", "SimpleHttpServer.Base\SimpleHttpServer.Base.csproj", "{2847022F-A7A3-48A7-AFC4-D95C41330031}"
EndProject
Project("{9A19103F-16F7-4668-BE54-9A1E7A4F7556}") = "SimpleHttpServer.Static", "SimpleHttpServer.Static\SimpleHttpServer.Static.csproj", "{4CDBCABE-F4C2-4F95-A514-BE5CFC300589}"
EndProject
Global
	GlobalSection(SolutionConfigurationPlatforms) = preSolution
		Debug|Any CPU = Debug|Any CPU
		Release|Any CPU = Release|Any CPU
	EndGlobalSection
	GlobalSection(ProjectConfigurationPlatforms) = postSolution
		{2847022F-A7A3-48A7-AFC4-D95C41330031}.Debug|Any CPU.ActiveCfg = Debug|Any CPU
		{2847022F-A7A3-48A7-AFC4-D95C41330031}.Debug|Any CPU.Build.0 = Debug|Any CPU
		{2847022F-A7A3-48A7-AFC4-D95C41330031}.Release|Any CPU.ActiveCfg = Release|Any CPU
		{2847022F-A7A3-48A7-AFC4-D95C41330031}.Release|Any CPU.Build.0 = Release|Any CPU
		{4CDBCABE-F4C2-4F95-A514-BE5CFC300589}.Debug|Any CPU.ActiveCfg = Debug|Any CPU
		{4CDBCABE-F4C2-4F95-A514-BE5CFC300589}.Debug|Any CPU.Build.0 = Debug|Any CPU
		{4CDBCABE-F4C2-4F95-A514-BE5CFC300589}.Release|Any CPU.ActiveCfg = Release|Any CPU
		{4CDBCABE-F4C2-4F95-A514-BE5CFC300589}.Release|Any CPU.Build.0 = Release|Any CPU
	EndGlobalSection
	GlobalSection(SolutionProperties) = preSolution
		HideSolutionNode = FALSE
	EndGlobalSection
	GlobalSection(ExtensibilityGlobals) = postSolution
		SolutionGuid = {A4FABADC-6963-416B-BBD3-72B280929B4B}
	EndGlobalSection
EndGlobal
